
Microsoft Visual Studio Solution File, Format Version 12.00
# Visual Studio Version 17
VisualStudioVersion = 17.0.32112.339
MinimumVisualStudioVersion = 10.0.40219.1
Project("{FAE04EC0-301F-11D3-BF4B-00C04F79EFBC}") = "TipDonusumleri", "TipDonusumleri.csproj", "{61220003-FE3F-4137-94C4-BAE2B736CADD}"
EndProject
Global
	GlobalSection(SolutionConfigurationPlatforms) = preSolution
		Debug|Any CPU = Debug|Any CPU
		Release|Any CPU = Release|Any CPU
	EndGlobalSection
	GlobalSection(ProjectConfigurationPlatforms) = postSolution
		{61220003-FE3F-4137-94C4-BAE2B736CADD}.Debug|Any CPU.ActiveCfg = Debug|Any CPU
		{61220003-FE3F-4137-94C4-BAE2B736CADD}.Debug|Any CPU.Build.0 = Debug|Any CPU
		{61220003-FE3F-4137-94C4-BAE2B736CADD}.Release|Any CPU.ActiveCfg = Release|Any CPU
		{61220003-FE3F-4137-94C4-BAE2B736CADD}.Release|Any CPU.Build.0 = Release|Any CPU
	EndGlobalSection
	GlobalSection(SolutionProperties) = preSolution
		HideSolutionNode = FALSE
	EndGlobalSection
	GlobalSection(ExtensibilityGlobals) = postSolution
		SolutionGuid = {D457B429-34BF-49DB-9E66-EFBDBE58673A}
	EndGlobalSection
EndGlobal
